// !$*UTF8*$!
{
	archiveVersion = 1;
	classes = {
	};
	objectVersion = 46;
	objects = {

/* Begin PBXBuildFile section */
		B505DC511D148FD1008646FE /* Alamofire.framework in Frameworks */ = {isa = PBXBuildFile; fileRef = B505DC4F1D148FD1008646FE /* Alamofire.framework */; };
		B505DC521D148FD1008646FE /* Alamofire.framework in Embed Frameworks */ = {isa = PBXBuildFile; fileRef = B505DC4F1D148FD1008646FE /* Alamofire.framework */; settings = {ATTRIBUTES = (CodeSignOnCopy, RemoveHeadersOnCopy, ); }; };
		B58887131CF3A6AD00B25BCD /* AppDelegate.swift in Sources */ = {isa = PBXBuildFile; fileRef = B58887121CF3A6AD00B25BCD /* AppDelegate.swift */; };
		B58887181CF3A6AD00B25BCD /* Main.storyboard in Resources */ = {isa = PBXBuildFile; fileRef = B58887161CF3A6AD00B25BCD /* Main.storyboard */; };
		B588871A1CF3A6AD00B25BCD /* Assets.xcassets in Resources */ = {isa = PBXBuildFile; fileRef = B58887191CF3A6AD00B25BCD /* Assets.xcassets */; };
		B588871D1CF3A6AD00B25BCD /* LaunchScreen.storyboard in Resources */ = {isa = PBXBuildFile; fileRef = B588871B1CF3A6AD00B25BCD /* LaunchScreen.storyboard */; };
		B5CEBD531CFD051A00EC3F20 /* MapViewController.swift in Sources */ = {isa = PBXBuildFile; fileRef = B5CEBD521CFD051A00EC3F20 /* MapViewController.swift */; };
		B5CEFDCA1D024A7600E0B799 /* Logger.swift in Sources */ = {isa = PBXBuildFile; fileRef = B5CEFDC91D024A7600E0B799 /* Logger.swift */; };
		F60A2FA81D7E80EF00E297B0 /* HockeySDK.framework in Frameworks */ = {isa = PBXBuildFile; fileRef = F60A2FA71D7E80EF00E297B0 /* HockeySDK.framework */; };
		F60A2FA91D7E80EF00E297B0 /* HockeySDK.framework in Embed Frameworks */ = {isa = PBXBuildFile; fileRef = F60A2FA71D7E80EF00E297B0 /* HockeySDK.framework */; settings = {ATTRIBUTES = (CodeSignOnCopy, RemoveHeadersOnCopy, ); }; };
		F60A2FAD1D80D19D00E297B0 /* Text.swift in Sources */ = {isa = PBXBuildFile; fileRef = F60A2FAC1D80D19D00E297B0 /* Text.swift */; };
		F60A2FAF1D81357500E297B0 /* Alert.swift in Sources */ = {isa = PBXBuildFile; fileRef = F60A2FAE1D81357500E297B0 /* Alert.swift */; };
		F654898A1D76AA760005BB9B /* Color.swift in Sources */ = {isa = PBXBuildFile; fileRef = F65489851D76AA760005BB9B /* Color.swift */; };
		F654898B1D76AA760005BB9B /* Conversion.swift in Sources */ = {isa = PBXBuildFile; fileRef = F65489861D76AA760005BB9B /* Conversion.swift */; };
		F654898C1D76AA760005BB9B /* Date.swift in Sources */ = {isa = PBXBuildFile; fileRef = F65489871D76AA760005BB9B /* Date.swift */; };
		F654898E1D76AA760005BB9B /* JSON.swift in Sources */ = {isa = PBXBuildFile; fileRef = F65489891D76AA760005BB9B /* JSON.swift */; };
		F657491A1D74257F00F3398B /* SettingsViewController.swift in Sources */ = {isa = PBXBuildFile; fileRef = F65749191D74257F00F3398B /* SettingsViewController.swift */; };
		F657491E1D74D32700F3398B /* TripRepository.swift in Sources */ = {isa = PBXBuildFile; fileRef = F657491D1D74D32700F3398B /* TripRepository.swift */; };
		F65749241D75599800F3398B /* KnownLocationRepository.swift in Sources */ = {isa = PBXBuildFile; fileRef = F65749231D75599800F3398B /* KnownLocationRepository.swift */; };
		F65A89D71D79643C000D1E54 /* MapRouteLineCache.swift in Sources */ = {isa = PBXBuildFile; fileRef = F65A89D61D79643C000D1E54 /* MapRouteLineCache.swift */; };
		F65A89DB1D79E894000D1E54 /* RepositoryManager.swift in Sources */ = {isa = PBXBuildFile; fileRef = F65A89DA1D79E894000D1E54 /* RepositoryManager.swift */; };
		F65A938A1D6CCD3C006F5358 /* TripCell.xib in Resources */ = {isa = PBXBuildFile; fileRef = F65A93891D6CCD3C006F5358 /* TripCell.xib */; };
		F65A938C1D6CD473006F5358 /* TripCell.swift in Sources */ = {isa = PBXBuildFile; fileRef = F65A938B1D6CD473006F5358 /* TripCell.swift */; };
		F6825FF21D73DA7B00D6F926 /* TripViewController.swift in Sources */ = {isa = PBXBuildFile; fileRef = F6825FF11D73DA7B00D6F926 /* TripViewController.swift */; };
		F69E72B31D93B42E00127752 /* Info.plist in Resources */ = {isa = PBXBuildFile; fileRef = F69E72B11D93B28300127752 /* Info.plist */; };
		F6A0ABFF1D90E776007637CE /* LoopSDK.framework in Frameworks */ = {isa = PBXBuildFile; fileRef = F6A0ABFE1D90E776007637CE /* LoopSDK.framework */; };
		F6A0AC001D90E776007637CE /* LoopSDK.framework in Embed Frameworks */ = {isa = PBXBuildFile; fileRef = F6A0ABFE1D90E776007637CE /* LoopSDK.framework */; settings = {ATTRIBUTES = (CodeSignOnCopy, RemoveHeadersOnCopy, ); }; };
		F6A483311D8937BD00B885D0 /* MapDetailsView.xib in Resources */ = {isa = PBXBuildFile; fileRef = F6A483301D8937BD00B885D0 /* MapDetailsView.xib */; };
		F6A483331D89381800B885D0 /* MapDetailsView.swift in Sources */ = {isa = PBXBuildFile; fileRef = F6A483321D89381800B885D0 /* MapDetailsView.swift */; };
		F6F13F661D93A56B000DD3EF /* Localizable.strings in Resources */ = {isa = PBXBuildFile; fileRef = F6F13F681D93A56B000DD3EF /* Localizable.strings */; };
/* End PBXBuildFile section */

/* Begin PBXCopyFilesBuildPhase section */
		B505DC551D148FD2008646FE /* Embed Frameworks */ = {
			isa = PBXCopyFilesBuildPhase;
			buildActionMask = 2147483647;
			dstPath = "";
			dstSubfolderSpec = 10;
			files = (
				F6A0AC001D90E776007637CE /* LoopSDK.framework in Embed Frameworks */,
				B505DC521D148FD1008646FE /* Alamofire.framework in Embed Frameworks */,
				F60A2FA91D7E80EF00E297B0 /* HockeySDK.framework in Embed Frameworks */,
			);
			name = "Embed Frameworks";
			runOnlyForDeploymentPostprocessing = 0;
		};
/* End PBXCopyFilesBuildPhase section */

/* Begin PBXFileReference section */
		B505DC4F1D148FD1008646FE /* Alamofire.framework */ = {isa = PBXFileReference; lastKnownFileType = wrapper.framework; name = Alamofire.framework; path = Carthage/Build/iOS/Alamofire.framework; sourceTree = "<group>"; };
		B55568BA1D10D3D1000174F8 /* Keys.xcconfig */ = {isa = PBXFileReference; lastKnownFileType = text.xcconfig; path = Keys.xcconfig; sourceTree = "<group>"; };
		B588870F1CF3A6AD00B25BCD /* Trips.app */ = {isa = PBXFileReference; explicitFileType = wrapper.application; includeInIndex = 0; path = Trips.app; sourceTree = BUILT_PRODUCTS_DIR; };
		B58887121CF3A6AD00B25BCD /* AppDelegate.swift */ = {isa = PBXFileReference; lastKnownFileType = sourcecode.swift; path = AppDelegate.swift; sourceTree = "<group>"; };
		B58887171CF3A6AD00B25BCD /* Base */ = {isa = PBXFileReference; lastKnownFileType = file.storyboard; name = Base; path = Base.lproj/Main.storyboard; sourceTree = "<group>"; };
		B58887191CF3A6AD00B25BCD /* Assets.xcassets */ = {isa = PBXFileReference; lastKnownFileType = folder.assetcatalog; path = Assets.xcassets; sourceTree = "<group>"; };
		B588871C1CF3A6AD00B25BCD /* Base */ = {isa = PBXFileReference; lastKnownFileType = file.storyboard; name = Base; path = Base.lproj/LaunchScreen.storyboard; sourceTree = "<group>"; };
		B5CEBD521CFD051A00EC3F20 /* MapViewController.swift */ = {isa = PBXFileReference; fileEncoding = 4; lastKnownFileType = sourcecode.swift; path = MapViewController.swift; sourceTree = "<group>"; };
		B5CEFDC91D024A7600E0B799 /* Logger.swift */ = {isa = PBXFileReference; fileEncoding = 4; lastKnownFileType = sourcecode.swift; path = Logger.swift; sourceTree = "<group>"; };
		F60A2FA71D7E80EF00E297B0 /* HockeySDK.framework */ = {isa = PBXFileReference; lastKnownFileType = wrapper.framework; name = HockeySDK.framework; path = Carthage/Build/iOS/HockeySDK.framework; sourceTree = "<group>"; };
		F60A2FAC1D80D19D00E297B0 /* Text.swift */ = {isa = PBXFileReference; fileEncoding = 4; lastKnownFileType = sourcecode.swift; path = Text.swift; sourceTree = "<group>"; };
		F60A2FAE1D81357500E297B0 /* Alert.swift */ = {isa = PBXFileReference; fileEncoding = 4; lastKnownFileType = sourcecode.swift; path = Alert.swift; sourceTree = "<group>"; };
		F65489851D76AA760005BB9B /* Color.swift */ = {isa = PBXFileReference; fileEncoding = 4; lastKnownFileType = sourcecode.swift; path = Color.swift; sourceTree = "<group>"; };
		F65489861D76AA760005BB9B /* Conversion.swift */ = {isa = PBXFileReference; fileEncoding = 4; lastKnownFileType = sourcecode.swift; path = Conversion.swift; sourceTree = "<group>"; };
		F65489871D76AA760005BB9B /* Date.swift */ = {isa = PBXFileReference; fileEncoding = 4; lastKnownFileType = sourcecode.swift; path = Date.swift; sourceTree = "<group>"; };
		F65489891D76AA760005BB9B /* JSON.swift */ = {isa = PBXFileReference; fileEncoding = 4; lastKnownFileType = sourcecode.swift; path = JSON.swift; sourceTree = "<group>"; };
		F65749191D74257F00F3398B /* SettingsViewController.swift */ = {isa = PBXFileReference; fileEncoding = 4; lastKnownFileType = sourcecode.swift; path = SettingsViewController.swift; sourceTree = "<group>"; };
		F657491D1D74D32700F3398B /* TripRepository.swift */ = {isa = PBXFileReference; fileEncoding = 4; lastKnownFileType = sourcecode.swift; path = TripRepository.swift; sourceTree = "<group>"; };
		F65749231D75599800F3398B /* KnownLocationRepository.swift */ = {isa = PBXFileReference; fileEncoding = 4; lastKnownFileType = sourcecode.swift; path = KnownLocationRepository.swift; sourceTree = "<group>"; };
		F65A89D61D79643C000D1E54 /* MapRouteLineCache.swift */ = {isa = PBXFileReference; fileEncoding = 4; lastKnownFileType = sourcecode.swift; path = MapRouteLineCache.swift; sourceTree = "<group>"; };
		F65A89DA1D79E894000D1E54 /* RepositoryManager.swift */ = {isa = PBXFileReference; fileEncoding = 4; lastKnownFileType = sourcecode.swift; path = RepositoryManager.swift; sourceTree = "<group>"; };
		F65A93891D6CCD3C006F5358 /* TripCell.xib */ = {isa = PBXFileReference; fileEncoding = 4; lastKnownFileType = file.xib; path = TripCell.xib; sourceTree = "<group>"; };
		F65A938B1D6CD473006F5358 /* TripCell.swift */ = {isa = PBXFileReference; fileEncoding = 4; lastKnownFileType = sourcecode.swift; path = TripCell.swift; sourceTree = "<group>"; };
		F6825FF11D73DA7B00D6F926 /* TripViewController.swift */ = {isa = PBXFileReference; fileEncoding = 4; lastKnownFileType = sourcecode.swift; path = TripViewController.swift; sourceTree = "<group>"; };
		F69E72B11D93B28300127752 /* Info.plist */ = {isa = PBXFileReference; fileEncoding = 4; lastKnownFileType = text.plist.xml; name = Info.plist; path = LoopTripIOS/Info.plist; sourceTree = "<group>"; };
		F6A0ABFE1D90E776007637CE /* LoopSDK.framework */ = {isa = PBXFileReference; lastKnownFileType = wrapper.framework; path = LoopSDK.framework; sourceTree = "<group>"; };
		F6A483301D8937BD00B885D0 /* MapDetailsView.xib */ = {isa = PBXFileReference; fileEncoding = 4; lastKnownFileType = file.xib; path = MapDetailsView.xib; sourceTree = "<group>"; };
		F6A483321D89381800B885D0 /* MapDetailsView.swift */ = {isa = PBXFileReference; fileEncoding = 4; lastKnownFileType = sourcecode.swift; path = MapDetailsView.swift; sourceTree = "<group>"; };
		F6E0F6671D1066A8005A13E5 /* Trips.xcconfig */ = {isa = PBXFileReference; lastKnownFileType = text.xcconfig; path = Trips.xcconfig; sourceTree = "<group>"; };
		F6E0F6681D1066B2005A13E5 /* Debug.xcconfig */ = {isa = PBXFileReference; lastKnownFileType = text.xcconfig; path = Debug.xcconfig; sourceTree = "<group>"; };
		F6E0F6691D1066BC005A13E5 /* Release.xcconfig */ = {isa = PBXFileReference; lastKnownFileType = text.xcconfig; path = Release.xcconfig; sourceTree = "<group>"; };
		F6E0F66B1D1066EE005A13E5 /* Keys.example.xcconfig */ = {isa = PBXFileReference; lastKnownFileType = text.xcconfig; path = Keys.example.xcconfig; sourceTree = "<group>"; };
		F6F13F671D93A56B000DD3EF /* en */ = {isa = PBXFileReference; lastKnownFileType = text.plist.strings; name = en; path = en.lproj/Localizable.strings; sourceTree = "<group>"; };
		F6F13F6C1D93AB1C000DD3EF /* en */ = {isa = PBXFileReference; lastKnownFileType = text.plist.strings; name = en; path = en.lproj/Main.strings; sourceTree = "<group>"; };
		F6F13F6E1D93AB23000DD3EF /* en */ = {isa = PBXFileReference; lastKnownFileType = text.plist.strings; name = en; path = en.lproj/LaunchScreen.strings; sourceTree = "<group>"; };
		F6F13F6F1D93AB2B000DD3EF /* Base */ = {isa = PBXFileReference; lastKnownFileType = text.plist.strings; name = Base; path = Base.lproj/Localizable.strings; sourceTree = "<group>"; };
/* End PBXFileReference section */

/* Begin PBXFrameworksBuildPhase section */
		B588870C1CF3A6AD00B25BCD /* Frameworks */ = {
			isa = PBXFrameworksBuildPhase;
			buildActionMask = 2147483647;
			files = (
				F6A0ABFF1D90E776007637CE /* LoopSDK.framework in Frameworks */,
				B505DC511D148FD1008646FE /* Alamofire.framework in Frameworks */,
				F60A2FA81D7E80EF00E297B0 /* HockeySDK.framework in Frameworks */,
			);
			runOnlyForDeploymentPostprocessing = 0;
		};
/* End PBXFrameworksBuildPhase section */

/* Begin PBXGroup section */
		B58887061CF3A6AD00B25BCD = {
			isa = PBXGroup;
			children = (
				F6A0ABFE1D90E776007637CE /* LoopSDK.framework */,
				F60A2FA71D7E80EF00E297B0 /* HockeySDK.framework */,
				B505DC4F1D148FD1008646FE /* Alamofire.framework */,
				F6E0F6661D10666B005A13E5 /* Config */,
				B58887111CF3A6AD00B25BCD /* LoopTripIOS */,
				F6F13F631D939685000DD3EF /* Supporting Files */,
				B58887101CF3A6AD00B25BCD /* Products */,
			);
			sourceTree = "<group>";
		};
		B58887101CF3A6AD00B25BCD /* Products */ = {
			isa = PBXGroup;
			children = (
				B588870F1CF3A6AD00B25BCD /* Trips.app */,
			);
			name = Products;
			sourceTree = "<group>";
		};
		B58887111CF3A6AD00B25BCD /* LoopTripIOS */ = {
			isa = PBXGroup;
			children = (
				B58887121CF3A6AD00B25BCD /* AppDelegate.swift */,
				F65A89D91D79E7ED000D1E54 /* Views */,
				F65A89D81D79E7B2000D1E54 /* Repositories */,
				F65489821D76A9620005BB9B /* Utilities */,
				B58887191CF3A6AD00B25BCD /* Assets.xcassets */,
			);
			path = LoopTripIOS;
			sourceTree = "<group>";
		};
		F65489821D76A9620005BB9B /* Utilities */ = {
			isa = PBXGroup;
			children = (
				F65489851D76AA760005BB9B /* Color.swift */,
				F65489861D76AA760005BB9B /* Conversion.swift */,
				F60A2FAC1D80D19D00E297B0 /* Text.swift */,
				F60A2FAE1D81357500E297B0 /* Alert.swift */,
				F65489871D76AA760005BB9B /* Date.swift */,
				F65489891D76AA760005BB9B /* JSON.swift */,
				B5CEFDC91D024A7600E0B799 /* Logger.swift */,
			);
			name = Utilities;
			sourceTree = "<group>";
		};
		F65A89D81D79E7B2000D1E54 /* Repositories */ = {
			isa = PBXGroup;
			children = (
				F65A89DA1D79E894000D1E54 /* RepositoryManager.swift */,
				F657491D1D74D32700F3398B /* TripRepository.swift */,
				F65749231D75599800F3398B /* KnownLocationRepository.swift */,
			);
			name = Repositories;
			sourceTree = "<group>";
		};
		F65A89D91D79E7ED000D1E54 /* Views */ = {
			isa = PBXGroup;
			children = (
				F6825FF11D73DA7B00D6F926 /* TripViewController.swift */,
				F65A938D1D6CD4A0006F5358 /* TripCell */,
				F65749191D74257F00F3398B /* SettingsViewController.swift */,
				B5CEBD521CFD051A00EC3F20 /* MapViewController.swift */,
				F6A483341D893FA300B885D0 /* MapDetails */,
				F65A89D61D79643C000D1E54 /* MapRouteLineCache.swift */,
			);
			name = Views;
			sourceTree = "<group>";
		};
		F65A938D1D6CD4A0006F5358 /* TripCell */ = {
			isa = PBXGroup;
			children = (
				F65A938B1D6CD473006F5358 /* TripCell.swift */,
				F65A93891D6CCD3C006F5358 /* TripCell.xib */,
			);
			name = TripCell;
			sourceTree = "<group>";
		};
		F6A483341D893FA300B885D0 /* MapDetails */ = {
			isa = PBXGroup;
			children = (
				F6A483321D89381800B885D0 /* MapDetailsView.swift */,
				F6A483301D8937BD00B885D0 /* MapDetailsView.xib */,
			);
			name = MapDetails;
			sourceTree = "<group>";
		};
		F6E0F6661D10666B005A13E5 /* Config */ = {
			isa = PBXGroup;
			children = (
				F6E0F6671D1066A8005A13E5 /* Trips.xcconfig */,
				F6E0F6681D1066B2005A13E5 /* Debug.xcconfig */,
				F6E0F6691D1066BC005A13E5 /* Release.xcconfig */,
				F6E0F66B1D1066EE005A13E5 /* Keys.example.xcconfig */,
				B55568BA1D10D3D1000174F8 /* Keys.xcconfig */,
			);
			path = Config;
			sourceTree = "<group>";
		};
		F6F13F631D939685000DD3EF /* Supporting Files */ = {
			isa = PBXGroup;
			children = (
				F69E72B11D93B28300127752 /* Info.plist */,
				B58887161CF3A6AD00B25BCD /* Main.storyboard */,
				B588871B1CF3A6AD00B25BCD /* LaunchScreen.storyboard */,
				F6F13F681D93A56B000DD3EF /* Localizable.strings */,
			);
			name = "Supporting Files";
			sourceTree = "<group>";
		};
/* End PBXGroup section */

/* Begin PBXNativeTarget section */
		B588870E1CF3A6AD00B25BCD /* Trips */ = {
			isa = PBXNativeTarget;
			buildConfigurationList = B58887211CF3A6AD00B25BCD /* Build configuration list for PBXNativeTarget "Trips" */;
			buildPhases = (
				B588870B1CF3A6AD00B25BCD /* Sources */,
				B588870C1CF3A6AD00B25BCD /* Frameworks */,
				B588870D1CF3A6AD00B25BCD /* Resources */,
				B505DC551D148FD2008646FE /* Embed Frameworks */,
			);
			buildRules = (
			);
			dependencies = (
			);
			name = Trips;
			productName = SimpleTest;
			productReference = B588870F1CF3A6AD00B25BCD /* Trips.app */;
			productType = "com.apple.product-type.application";
		};
/* End PBXNativeTarget section */

/* Begin PBXProject section */
		B58887071CF3A6AD00B25BCD /* Project object */ = {
			isa = PBXProject;
			attributes = {
				LastSwiftUpdateCheck = 0730;
				LastUpgradeCheck = 0800;
				ORGANIZATIONNAME = Microsoft;
				TargetAttributes = {
					B588870E1CF3A6AD00B25BCD = {
						CreatedOnToolsVersion = 7.3;
						DevelopmentTeam = 9KBH5RKYEW;
						LastSwiftMigration = 0800;
						ProvisioningStyle = Manual;
						SystemCapabilities = {
							com.apple.BackgroundModes = {
								enabled = 1;
							};
						};
					};
				};
			};
			buildConfigurationList = B588870A1CF3A6AD00B25BCD /* Build configuration list for PBXProject "Trips" */;
			compatibilityVersion = "Xcode 3.2";
			developmentRegion = English;
			hasScannedForEncodings = 0;
			knownRegions = (
				en,
				Base,
			);
			mainGroup = B58887061CF3A6AD00B25BCD;
			productRefGroup = B58887101CF3A6AD00B25BCD /* Products */;
			projectDirPath = "";
			projectRoot = "";
			targets = (
				B588870E1CF3A6AD00B25BCD /* Trips */,
			);
		};
/* End PBXProject section */

/* Begin PBXResourcesBuildPhase section */
		B588870D1CF3A6AD00B25BCD /* Resources */ = {
			isa = PBXResourcesBuildPhase;
			buildActionMask = 2147483647;
			files = (
				F69E72B31D93B42E00127752 /* Info.plist in Resources */,
				F65A938A1D6CCD3C006F5358 /* TripCell.xib in Resources */,
				F6A483311D8937BD00B885D0 /* MapDetailsView.xib in Resources */,
				B588871D1CF3A6AD00B25BCD /* LaunchScreen.storyboard in Resources */,
				F6F13F661D93A56B000DD3EF /* Localizable.strings in Resources */,
				B588871A1CF3A6AD00B25BCD /* Assets.xcassets in Resources */,
				B58887181CF3A6AD00B25BCD /* Main.storyboard in Resources */,
			);
			runOnlyForDeploymentPostprocessing = 0;
		};
/* End PBXResourcesBuildPhase section */

/* Begin PBXSourcesBuildPhase section */
		B588870B1CF3A6AD00B25BCD /* Sources */ = {
			isa = PBXSourcesBuildPhase;
			buildActionMask = 2147483647;
			files = (
				F657491E1D74D32700F3398B /* TripRepository.swift in Sources */,
				F65A89DB1D79E894000D1E54 /* RepositoryManager.swift in Sources */,
				F65A938C1D6CD473006F5358 /* TripCell.swift in Sources */,
				F654898A1D76AA760005BB9B /* Color.swift in Sources */,
				F60A2FAD1D80D19D00E297B0 /* Text.swift in Sources */,
				F60A2FAF1D81357500E297B0 /* Alert.swift in Sources */,
				B58887131CF3A6AD00B25BCD /* AppDelegate.swift in Sources */,
				F654898E1D76AA760005BB9B /* JSON.swift in Sources */,
				F6825FF21D73DA7B00D6F926 /* TripViewController.swift in Sources */,
				F65749241D75599800F3398B /* KnownLocationRepository.swift in Sources */,
				B5CEFDCA1D024A7600E0B799 /* Logger.swift in Sources */,
				F6A483331D89381800B885D0 /* MapDetailsView.swift in Sources */,
				F654898B1D76AA760005BB9B /* Conversion.swift in Sources */,
				F65A89D71D79643C000D1E54 /* MapRouteLineCache.swift in Sources */,
				B5CEBD531CFD051A00EC3F20 /* MapViewController.swift in Sources */,
				F654898C1D76AA760005BB9B /* Date.swift in Sources */,
				F657491A1D74257F00F3398B /* SettingsViewController.swift in Sources */,
			);
			runOnlyForDeploymentPostprocessing = 0;
		};
/* End PBXSourcesBuildPhase section */

/* Begin PBXVariantGroup section */
		B58887161CF3A6AD00B25BCD /* Main.storyboard */ = {
			isa = PBXVariantGroup;
			children = (
				B58887171CF3A6AD00B25BCD /* Base */,
				F6F13F6C1D93AB1C000DD3EF /* en */,
			);
			name = Main.storyboard;
			path = LoopTripIOS/Localization;
			sourceTree = "<group>";
		};
		B588871B1CF3A6AD00B25BCD /* LaunchScreen.storyboard */ = {
			isa = PBXVariantGroup;
			children = (
				B588871C1CF3A6AD00B25BCD /* Base */,
				F6F13F6E1D93AB23000DD3EF /* en */,
			);
			name = LaunchScreen.storyboard;
			path = LoopTripIOS/Localization;
			sourceTree = "<group>";
		};
		F6F13F681D93A56B000DD3EF /* Localizable.strings */ = {
			isa = PBXVariantGroup;
			children = (
				F6F13F671D93A56B000DD3EF /* en */,
				F6F13F6F1D93AB2B000DD3EF /* Base */,
			);
			name = Localizable.strings;
			path = LoopTripIOS/Localization;
			sourceTree = "<group>";
		};
/* End PBXVariantGroup section */

/* Begin XCBuildConfiguration section */
		B588871F1CF3A6AD00B25BCD /* Debug */ = {
			isa = XCBuildConfiguration;
			baseConfigurationReference = F6E0F6671D1066A8005A13E5 /* Trips.xcconfig */;
			buildSettings = {
				CODE_SIGN_IDENTITY = "iPhone Developer";
			};
			name = Debug;
		};
		B58887201CF3A6AD00B25BCD /* Release */ = {
			isa = XCBuildConfiguration;
			baseConfigurationReference = F6E0F6671D1066A8005A13E5 /* Trips.xcconfig */;
			buildSettings = {
				CODE_SIGN_IDENTITY = "iPhone Developer";
			};
			name = Release;
		};
		B58887221CF3A6AD00B25BCD /* Debug */ = {
			isa = XCBuildConfiguration;
			baseConfigurationReference = F6E0F6681D1066B2005A13E5 /* Debug.xcconfig */;
			buildSettings = {
				CODE_SIGN_IDENTITY = "iPhone Distribution: Microsoft Corporation";
				DEVELOPMENT_TEAM = 9KBH5RKYEW;
				IPHONEOS_DEPLOYMENT_TARGET = 9.0;
				LD_RUNPATH_SEARCH_PATHS = "$(inherited) @executable_path/Frameworks";
				PRODUCT_BUNDLE_IDENTIFIER = "com.microsoft.loop.trip-df";
				PROVISIONING_PROFILE = "9d5ad481-1f6a-4cd2-8077-963f0ec267ad";
				PROVISIONING_PROFILE_SPECIFIER = "Microsoft Dogfood Provisioning Profile";
			};
			name = Debug;
		};
		B58887231CF3A6AD00B25BCD /* Release */ = {
			isa = XCBuildConfiguration;
			baseConfigurationReference = F6E0F6691D1066BC005A13E5 /* Release.xcconfig */;
			buildSettings = {
				CODE_SIGN_IDENTITY = "iPhone Distribution: Microsoft Corporation";
				DEVELOPMENT_TEAM = 9KBH5RKYEW;
				IPHONEOS_DEPLOYMENT_TARGET = 9.0;
				LD_RUNPATH_SEARCH_PATHS = "$(inherited) @executable_path/Frameworks";
				PRODUCT_BUNDLE_IDENTIFIER = "com.microsoft.loop.trip-df";
				PROVISIONING_PROFILE = "9d5ad481-1f6a-4cd2-8077-963f0ec267ad";
				PROVISIONING_PROFILE_SPECIFIER = "Microsoft Dogfood Provisioning Profile";
			};
			name = Release;
		};
/* End XCBuildConfiguration section */

/* Begin XCConfigurationList section */
		B588870A1CF3A6AD00B25BCD /* Build configuration list for PBXProject "Trips" */ = {
			isa = XCConfigurationList;
			buildConfigurations = (
				B588871F1CF3A6AD00B25BCD /* Debug */,
				B58887201CF3A6AD00B25BCD /* Release */,
			);
			defaultConfigurationIsVisible = 0;
			defaultConfigurationName = Debug;
		};
		B58887211CF3A6AD00B25BCD /* Build configuration list for PBXNativeTarget "Trips" */ = {
			isa = XCConfigurationList;
			buildConfigurations = (
				B58887221CF3A6AD00B25BCD /* Debug */,
				B58887231CF3A6AD00B25BCD /* Release */,
			);
			defaultConfigurationIsVisible = 0;
			defaultConfigurationName = Debug;
		};
/* End XCConfigurationList section */
	};
	rootObject = B58887071CF3A6AD00B25BCD /* Project object */;
}
